
Microsoft Visual Studio Solution File, Format Version 12.00
# Visual Studio Version 17
VisualStudioVersion = 17.12.35707.178
MinimumVisualStudioVersion = 10.0.40219.1
Project("{FAE04EC0-301F-11D3-BF4B-00C04F79EFBC}") = "FileObjectExtractor", "FileObjectExtractor\FileObjectExtractor.csproj", "{CE632F95-7A09-4309-A574-1738FDF23070}"
EndProject
Project("{FAE04EC0-301F-11D3-BF4B-00C04F79EFBC}") = "FileObjectExtractorTests", "FileObjectExtractorTests\FileObjectExtractorTests.csproj", "{F7253A71-E355-4F33-9D03-6E676B9D3FD9}"
EndProject
Project("{FAE04EC0-301F-11D3-BF4B-00C04F79EFBC}") = "UpdateHelper", "UpdateHelper\UpdateHelper.csproj", "{4F6E7DFE-74B2-46DF-8461-1F514C9905E3}"
EndProject
Global
	GlobalSection(SolutionConfigurationPlatforms) = preSolution
		Debug|Any CPU = Debug|Any CPU
		Debug|x64 = Debug|x64
		Release|Any CPU = Release|Any CPU
		Release|x64 = Release|x64
	EndGlobalSection
	GlobalSection(ProjectConfigurationPlatforms) = postSolution
		{CE632F95-7A09-4309-A574-1738FDF23070}.Debug|Any CPU.ActiveCfg = Debug|Any CPU
		{CE632F95-7A09-4309-A574-1738FDF23070}.Debug|Any CPU.Build.0 = Debug|Any CPU
		{CE632F95-7A09-4309-A574-1738FDF23070}.Debug|x64.ActiveCfg = Debug|x64
		{CE632F95-7A09-4309-A574-1738FDF23070}.Debug|x64.Build.0 = Debug|x64
		{CE632F95-7A09-4309-A574-1738FDF23070}.Release|Any CPU.ActiveCfg = Release|Any CPU
		{CE632F95-7A09-4309-A574-1738FDF23070}.Release|Any CPU.Build.0 = Release|Any CPU
		{CE632F95-7A09-4309-A574-1738FDF23070}.Release|x64.ActiveCfg = Release|x64
		{CE632F95-7A09-4309-A574-1738FDF23070}.Release|x64.Build.0 = Release|x64
		{F7253A71-E355-4F33-9D03-6E676B9D3FD9}.Debug|Any CPU.ActiveCfg = Debug|Any CPU
		{F7253A71-E355-4F33-9D03-6E676B9D3FD9}.Debug|Any CPU.Build.0 = Debug|Any CPU
		{F7253A71-E355-4F33-9D03-6E676B9D3FD9}.Debug|x64.ActiveCfg = Debug|x64
		{F7253A71-E355-4F33-9D03-6E676B9D3FD9}.Debug|x64.Build.0 = Debug|x64
		{F7253A71-E355-4F33-9D03-6E676B9D3FD9}.Release|Any CPU.ActiveCfg = Release|Any CPU
		{F7253A71-E355-4F33-9D03-6E676B9D3FD9}.Release|Any CPU.Build.0 = Release|Any CPU
		{F7253A71-E355-4F33-9D03-6E676B9D3FD9}.Release|x64.ActiveCfg = Release|x64
		{F7253A71-E355-4F33-9D03-6E676B9D3FD9}.Release|x64.Build.0 = Release|x64
		{4F6E7DFE-74B2-46DF-8461-1F514C9905E3}.Debug|Any CPU.ActiveCfg = Debug|Any CPU
		{4F6E7DFE-74B2-46DF-8461-1F514C9905E3}.Debug|Any CPU.Build.0 = Debug|Any CPU
		{4F6E7DFE-74B2-46DF-8461-1F514C9905E3}.Debug|x64.ActiveCfg = Debug|x64
		{4F6E7DFE-74B2-46DF-8461-1F514C9905E3}.Debug|x64.Build.0 = Debug|x64
		{4F6E7DFE-74B2-46DF-8461-1F514C9905E3}.Release|Any CPU.ActiveCfg = Release|Any CPU
		{4F6E7DFE-74B2-46DF-8461-1F514C9905E3}.Release|Any CPU.Build.0 = Release|Any CPU
		{4F6E7DFE-74B2-46DF-8461-1F514C9905E3}.Release|x64.ActiveCfg = Release|x64
		{4F6E7DFE-74B2-46DF-8461-1F514C9905E3}.Release|x64.Build.0 = Release|x64
	EndGlobalSection
	GlobalSection(SolutionProperties) = preSolution
		HideSolutionNode = FALSE
	EndGlobalSection
	GlobalSection(ExtensibilityGlobals) = postSolution
		SolutionGuid = {1F7CDA8B-675A-4E03-ABFA-9705D8AFF56F}
	EndGlobalSection
EndGlobal
